
Microsoft Visual Studio Solution File, Format Version 12.00
# Visual Studio Version 17
VisualStudioVersion = 17.5.33530.505
MinimumVisualStudioVersion = 10.0.40219.1
Project("{FAE04EC0-301F-11D3-BF4B-00C04F79EFBC}") = "usersmanagementbe", "usersmanagementbe\usersmanagementbe.csproj", "{C0F03685-7933-4715-A3D7-566D9E1F9EFC}"
EndProject
Global
	GlobalSection(SolutionConfigurationPlatforms) = preSolution
		Debug|Any CPU = Debug|Any CPU
		Release|Any CPU = Release|Any CPU
	EndGlobalSection
	GlobalSection(ProjectConfigurationPlatforms) = postSolution
		{C0F03685-7933-4715-A3D7-566D9E1F9EFC}.Debug|Any CPU.ActiveCfg = Debug|Any CPU
		{C0F03685-7933-4715-A3D7-566D9E1F9EFC}.Debug|Any CPU.Build.0 = Debug|Any CPU
		{C0F03685-7933-4715-A3D7-566D9E1F9EFC}.Release|Any CPU.ActiveCfg = Release|Any CPU
		{C0F03685-7933-4715-A3D7-566D9E1F9EFC}.Release|Any CPU.Build.0 = Release|Any CPU
	EndGlobalSection
	GlobalSection(SolutionProperties) = preSolution
		HideSolutionNode = FALSE
	EndGlobalSection
	GlobalSection(ExtensibilityGlobals) = postSolution
		SolutionGuid = {8A478BEA-CC04-457B-9998-7BF7411085DD}
	EndGlobalSection
EndGlobal
